
Microsoft Visual Studio Solution File, Format Version 12.00
# Visual Studio 15
VisualStudioVersion = 15.0.28010.2046
MinimumVisualStudioVersion = 10.0.40219.1
Project("{8BC9CEB8-8B4A-11D0-8D11-00A0C91BC942}") = "반복문예제1", "반복문예제\반복문예제.vcxproj", "{07F91788-6EB8-4878-B0BC-2D0FBAB09DB4}"
EndProject
Project("{8BC9CEB8-8B4A-11D0-8D11-00A0C91BC942}") = "반복문예제2", "과제2\과제2.vcxproj", "{467291CB-A016-462A-8880-5008FE076FF3}"
EndProject
Project("{8BC9CEB8-8B4A-11D0-8D11-00A0C91BC942}") = "반복문예제3", "반복문예제3\반복문예제3.vcxproj", "{DE38F592-68DD-45D6-95F4-F4942AEE0ED3}"
EndProject
Project("{8BC9CEB8-8B4A-11D0-8D11-00A0C91BC942}") = "반복문예제4", "반복문예제4\반복문예제4.vcxproj", "{9AF76FA0-DC3D-4F1C-AB76-BC4A61F8F829}"
EndProject
Project("{8BC9CEB8-8B4A-11D0-8D11-00A0C91BC942}") = "반복문예제5", "반복문예제5\반복문예제5.vcxproj", "{C8B07010-3E69-4C7C-8B05-3F993C282367}"
EndProject
Project("{8BC9CEB8-8B4A-11D0-8D11-00A0C91BC942}") = "반복문예제6", "반복문예제6\반복문예제6.vcxproj", "{36F37F65-11DC-468C-91EB-CB98AA39794D}"
EndProject
Project("{8BC9CEB8-8B4A-11D0-8D11-00A0C91BC942}") = "반복문예제7", "반복문예제7\반복문예제7.vcxproj", "{36402873-663E-4ADB-A572-CD2ECFB7D255}"
EndProject
Project("{8BC9CEB8-8B4A-11D0-8D11-00A0C91BC942}") = "반복문예제9", "반복문예제 9\반복문예제 9.vcxproj", "{8A1A4990-7E84-4880-BB3A-470187005521}"
EndProject
Project("{8BC9CEB8-8B4A-11D0-8D11-00A0C91BC942}") = "반복문예제11", "반복문예제11\반복문예제11.vcxproj", "{78535281-B5CA-4BFC-8F67-BF24B39EF0A3}"
EndProject
Project("{8BC9CEB8-8B4A-11D0-8D11-00A0C91BC942}") = "반복문예제10", "반복문예제10\반복문예제10.vcxproj", "{55FF729A-5B23-4578-8B9E-EE04EAAF3108}"
EndProject
Project("{8BC9CEB8-8B4A-11D0-8D11-00A0C91BC942}") = "반복문예제13", "반복문예제13\반복문예제13.vcxproj", "{07891903-B4D2-433F-8C11-821A47660318}"
EndProject
Project("{8BC9CEB8-8B4A-11D0-8D11-00A0C91BC942}") = "반복문예제14", "반복문예제14\반복문예제14.vcxproj", "{CD7910CA-AF56-4D81-A2E5-D16B6A522A32}"
EndProject
Project("{8BC9CEB8-8B4A-11D0-8D11-00A0C91BC942}") = "반복문예제21", "반복문예제21\반복문예제21.vcxproj", "{6364534F-68BF-464D-93EF-D5973C77CE37}"
EndProject
Project("{8BC9CEB8-8B4A-11D0-8D11-00A0C91BC942}") = "반복문예제8", "반복문예제8\반복문예제8.vcxproj", "{16523166-A22F-4E02-8937-73B7122D0205}"
EndProject
Project("{8BC9CEB8-8B4A-11D0-8D11-00A0C91BC942}") = "반복문예제12", "반복문예제12\반복문예제12.vcxproj", "{763AA859-B4DD-4FD1-A729-50D92F3DCEE9}"
EndProject
Project("{8BC9CEB8-8B4A-11D0-8D11-00A0C91BC942}") = "반복문예제15", "반복문예제15\반복문예제15.vcxproj", "{79FF4746-9F04-48E7-8201-A028A53F767D}"
EndProject
Project("{8BC9CEB8-8B4A-11D0-8D11-00A0C91BC942}") = "반복문예제16", "반복문예제16\반복문예제16.vcxproj", "{58AB8BD1-671C-45F9-A3B0-6C1DC8459EF7}"
EndProject
Project("{8BC9CEB8-8B4A-11D0-8D11-00A0C91BC942}") = "반복문예제17", "반복문예제17\반복문예제17.vcxproj", "{9CF64425-1739-450C-B385-3009EC80A96B}"
EndProject
Project("{8BC9CEB8-8B4A-11D0-8D11-00A0C91BC942}") = "반복문예제18", "반복문예제18\반복문예제18.vcxproj", "{EA83D82C-2EFE-4111-929F-FE901EFCEE35}"
EndProject
Project("{8BC9CEB8-8B4A-11D0-8D11-00A0C91BC942}") = "반복문예제19", "반복문예제19\반복문예제19.vcxproj", "{FDB791CD-519F-4024-9102-1172007D953F}"
EndProject
Project("{8BC9CEB8-8B4A-11D0-8D11-00A0C91BC942}") = "반복문예제20", "반복문예제20\반복문예제20.vcxproj", "{844FA676-D86E-454D-B884-E935637C7FB2}"
EndProject
Project("{8BC9CEB8-8B4A-11D0-8D11-00A0C91BC942}") = "반복문예제22", "반복문예제22\반복문예제22.vcxproj", "{353568EA-4BEC-4AC6-B66A-6DD91D94B924}"
EndProject
Project("{8BC9CEB8-8B4A-11D0-8D11-00A0C91BC942}") = "반복문예제23", "반복문예제23\반복문예제23.vcxproj", "{15A7F7EA-384D-47FA-9A14-2EA29ECEB437}"
EndProject
Project("{8BC9CEB8-8B4A-11D0-8D11-00A0C91BC942}") = "반복문예제24", "반복문예제24\반복문예제24.vcxproj", "{145E6B14-86A1-43BD-AC22-10BFCF4CC196}"
EndProject
Project("{8BC9CEB8-8B4A-11D0-8D11-00A0C91BC942}") = "반복문예제25", "반복문예제25\반복문예제25.vcxproj", "{0EC0B282-E0F0-4CFA-B180-363BBF6FC455}"
EndProject
Global
	GlobalSection(SolutionConfigurationPlatforms) = preSolution
		Debug|x64 = Debug|x64
		Debug|x86 = Debug|x86
		Release|x64 = Release|x64
		Release|x86 = Release|x86
	EndGlobalSection
	GlobalSection(ProjectConfigurationPlatforms) = postSolution
		{07F91788-6EB8-4878-B0BC-2D0FBAB09DB4}.Debug|x64.ActiveCfg = Debug|x64
		{07F91788-6EB8-4878-B0BC-2D0FBAB09DB4}.Debug|x64.Build.0 = Debug|x64
		{07F91788-6EB8-4878-B0BC-2D0FBAB09DB4}.Debug|x86.ActiveCfg = Debug|Win32
		{07F91788-6EB8-4878-B0BC-2D0FBAB09DB4}.Debug|x86.Build.0 = Debug|Win32
		{07F91788-6EB8-4878-B0BC-2D0FBAB09DB4}.Release|x64.ActiveCfg = Release|x64
		{07F91788-6EB8-4878-B0BC-2D0FBAB09DB4}.Release|x64.Build.0 = Release|x64
		{07F91788-6EB8-4878-B0BC-2D0FBAB09DB4}.Release|x86.ActiveCfg = Release|Win32
		{07F91788-6EB8-4878-B0BC-2D0FBAB09DB4}.Release|x86.Build.0 = Release|Win32
		{467291CB-A016-462A-8880-5008FE076FF3}.Debug|x64.ActiveCfg = Debug|x64
		{467291CB-A016-462A-8880-5008FE076FF3}.Debug|x64.Build.0 = Debug|x64
		{467291CB-A016-462A-8880-5008FE076FF3}.Debug|x86.ActiveCfg = Debug|Win32
		{467291CB-A016-462A-8880-5008FE076FF3}.Debug|x86.Build.0 = Debug|Win32
		{467291CB-A016-462A-8880-5008FE076FF3}.Release|x64.ActiveCfg = Release|x64
		{467291CB-A016-462A-8880-5008FE076FF3}.Release|x64.Build.0 = Release|x64
		{467291CB-A016-462A-8880-5008FE076FF3}.Release|x86.ActiveCfg = Release|Win32
		{467291CB-A016-462A-8880-5008FE076FF3}.Release|x86.Build.0 = Release|Win32
		{DE38F592-68DD-45D6-95F4-F4942AEE0ED3}.Debug|x64.ActiveCfg = Debug|x64
		{DE38F592-68DD-45D6-95F4-F4942AEE0ED3}.Debug|x64.Build.0 = Debug|x64
		{DE38F592-68DD-45D6-95F4-F4942AEE0ED3}.Debug|x86.ActiveCfg = Debug|Win32
		{DE38F592-68DD-45D6-95F4-F4942AEE0ED3}.Debug|x86.Build.0 = Debug|Win32
		{DE38F592-68DD-45D6-95F4-F4942AEE0ED3}.Release|x64.ActiveCfg = Release|x64
		{DE38F592-68DD-45D6-95F4-F4942AEE0ED3}.Release|x64.Build.0 = Release|x64
		{DE38F592-68DD-45D6-95F4-F4942AEE0ED3}.Release|x86.ActiveCfg = Release|Win32
		{DE38F592-68DD-45D6-95F4-F4942AEE0ED3}.Release|x86.Build.0 = Release|Win32
		{9AF76FA0-DC3D-4F1C-AB76-BC4A61F8F829}.Debug|x64.ActiveCfg = Debug|x64
		{9AF76FA0-DC3D-4F1C-AB76-BC4A61F8F829}.Debug|x64.Build.0 = Debug|x64
		{9AF76FA0-DC3D-4F1C-AB76-BC4A61F8F829}.Debug|x86.ActiveCfg = Debug|Win32
		{9AF76FA0-DC3D-4F1C-AB76-BC4A61F8F829}.Debug|x86.Build.0 = Debug|Win32
		{9AF76FA0-DC3D-4F1C-AB76-BC4A61F8F829}.Release|x64.ActiveCfg = Release|x64
		{9AF76FA0-DC3D-4F1C-AB76-BC4A61F8F829}.Release|x64.Build.0 = Release|x64
		{9AF76FA0-DC3D-4F1C-AB76-BC4A61F8F829}.Release|x86.ActiveCfg = Release|Win32
		{9AF76FA0-DC3D-4F1C-AB76-BC4A61F8F829}.Release|x86.Build.0 = Release|Win32
		{C8B07010-3E69-4C7C-8B05-3F993C282367}.Debug|x64.ActiveCfg = Debug|x64
		{C8B07010-3E69-4C7C-8B05-3F993C282367}.Debug|x64.Build.0 = Debug|x64
		{C8B07010-3E69-4C7C-8B05-3F993C282367}.Debug|x86.ActiveCfg = Debug|Win32
		{C8B07010-3E69-4C7C-8B05-3F993C282367}.Debug|x86.Build.0 = Debug|Win32
		{C8B07010-3E69-4C7C-8B05-3F993C282367}.Release|x64.ActiveCfg = Release|x64
		{C8B07010-3E69-4C7C-8B05-3F993C282367}.Release|x64.Build.0 = Release|x64
		{C8B07010-3E69-4C7C-8B05-3F993C282367}.Release|x86.ActiveCfg = Release|Win32
		{C8B07010-3E69-4C7C-8B05-3F993C282367}.Release|x86.Build.0 = Release|Win32
		{36F37F65-11DC-468C-91EB-CB98AA39794D}.Debug|x64.ActiveCfg = Debug|x64
		{36F37F65-11DC-468C-91EB-CB98AA39794D}.Debug|x64.Build.0 = Debug|x64
		{36F37F65-11DC-468C-91EB-CB98AA39794D}.Debug|x86.ActiveCfg = Debug|Win32
		{36F37F65-11DC-468C-91EB-CB98AA39794D}.Debug|x86.Build.0 = Debug|Win32
		{36F37F65-11DC-468C-91EB-CB98AA39794D}.Release|x64.ActiveCfg = Release|x64
		{36F37F65-11DC-468C-91EB-CB98AA39794D}.Release|x64.Build.0 = Release|x64
		{36F37F65-11DC-468C-91EB-CB98AA39794D}.Release|x86.ActiveCfg = Release|Win32
		{36F37F65-11DC-468C-91EB-CB98AA39794D}.Release|x86.Build.0 = Release|Win32
		{36402873-663E-4ADB-A572-CD2ECFB7D255}.Debug|x64.ActiveCfg = Debug|x64
		{36402873-663E-4ADB-A572-CD2ECFB7D255}.Debug|x64.Build.0 = Debug|x64
		{36402873-663E-4ADB-A572-CD2ECFB7D255}.Debug|x86.ActiveCfg = Debug|Win32
		{36402873-663E-4ADB-A572-CD2ECFB7D255}.Debug|x86.Build.0 = Debug|Win32
		{36402873-663E-4ADB-A572-CD2ECFB7D255}.Release|x64.ActiveCfg = Release|x64
		{36402873-663E-4ADB-A572-CD2ECFB7D255}.Release|x64.Build.0 = Release|x64
		{36402873-663E-4ADB-A572-CD2ECFB7D255}.Release|x86.ActiveCfg = Release|Win32
		{36402873-663E-4ADB-A572-CD2ECFB7D255}.Release|x86.Build.0 = Release|Win32
		{8A1A4990-7E84-4880-BB3A-470187005521}.Debug|x64.ActiveCfg = Debug|x64
		{8A1A4990-7E84-4880-BB3A-470187005521}.Debug|x64.Build.0 = Debug|x64
		{8A1A4990-7E84-4880-BB3A-470187005521}.Debug|x86.ActiveCfg = Debug|Win32
		{8A1A4990-7E84-4880-BB3A-470187005521}.Debug|x86.Build.0 = Debug|Win32
		{8A1A4990-7E84-4880-BB3A-470187005521}.Release|x64.ActiveCfg = Release|x64
		{8A1A4990-7E84-4880-BB3A-470187005521}.Release|x64.Build.0 = Release|x64
		{8A1A4990-7E84-4880-BB3A-470187005521}.Release|x86.ActiveCfg = Release|Win32
		{8A1A4990-7E84-4880-BB3A-470187005521}.Release|x86.Build.0 = Release|Win32
		{78535281-B5CA-4BFC-8F67-BF24B39EF0A3}.Debug|x64.ActiveCfg = Debug|x64
		{78535281-B5CA-4BFC-8F67-BF24B39EF0A3}.Debug|x64.Build.0 = Debug|x64
		{78535281-B5CA-4BFC-8F67-BF24B39EF0A3}.Debug|x86.ActiveCfg = Debug|Win32
		{78535281-B5CA-4BFC-8F67-BF24B39EF0A3}.Debug|x86.Build.0 = Debug|Win32
		{78535281-B5CA-4BFC-8F67-BF24B39EF0A3}.Release|x64.ActiveCfg = Release|x64
		{78535281-B5CA-4BFC-8F67-BF24B39EF0A3}.Release|x64.Build.0 = Release|x64
		{78535281-B5CA-4BFC-8F67-BF24B39EF0A3}.Release|x86.ActiveCfg = Release|Win32
		{78535281-B5CA-4BFC-8F67-BF24B39EF0A3}.Release|x86.Build.0 = Release|Win32
		{55FF729A-5B23-4578-8B9E-EE04EAAF3108}.Debug|x64.ActiveCfg = Debug|x64
		{55FF729A-5B23-4578-8B9E-EE04EAAF3108}.Debug|x64.Build.0 = Debug|x64
		{55FF729A-5B23-4578-8B9E-EE04EAAF3108}.Debug|x86.ActiveCfg = Debug|Win32
		{55FF729A-5B23-4578-8B9E-EE04EAAF3108}.Debug|x86.Build.0 = Debug|Win32
		{55FF729A-5B23-4578-8B9E-EE04EAAF3108}.Release|x64.ActiveCfg = Release|x64
		{55FF729A-5B23-4578-8B9E-EE04EAAF3108}.Release|x64.Build.0 = Release|x64
		{55FF729A-5B23-4578-8B9E-EE04EAAF3108}.Release|x86.ActiveCfg = Release|Win32
		{55FF729A-5B23-4578-8B9E-EE04EAAF3108}.Release|x86.Build.0 = Release|Win32
		{07891903-B4D2-433F-8C11-821A47660318}.Debug|x64.ActiveCfg = Debug|x64
		{07891903-B4D2-433F-8C11-821A47660318}.Debug|x64.Build.0 = Debug|x64
		{07891903-B4D2-433F-8C11-821A47660318}.Debug|x86.ActiveCfg = Debug|Win32
		{07891903-B4D2-433F-8C11-821A47660318}.Debug|x86.Build.0 = Debug|Win32
		{07891903-B4D2-433F-8C11-821A47660318}.Release|x64.ActiveCfg = Release|x64
		{07891903-B4D2-433F-8C11-821A47660318}.Release|x64.Build.0 = Release|x64
		{07891903-B4D2-433F-8C11-821A47660318}.Release|x86.ActiveCfg = Release|Win32
		{07891903-B4D2-433F-8C11-821A47660318}.Release|x86.Build.0 = Release|Win32
		{CD7910CA-AF56-4D81-A2E5-D16B6A522A32}.Debug|x64.ActiveCfg = Debug|x64
		{CD7910CA-AF56-4D81-A2E5-D16B6A522A32}.Debug|x64.Build.0 = Debug|x64
		{CD7910CA-AF56-4D81-A2E5-D16B6A522A32}.Debug|x86.ActiveCfg = Debug|Win32
		{CD7910CA-AF56-4D81-A2E5-D16B6A522A32}.Debug|x86.Build.0 = Debug|Win32
		{CD7910CA-AF56-4D81-A2E5-D16B6A522A32}.Release|x64.ActiveCfg = Release|x64
		{CD7910CA-AF56-4D81-A2E5-D16B6A522A32}.Release|x64.Build.0 = Release|x64
		{CD7910CA-AF56-4D81-A2E5-D16B6A522A32}.Release|x86.ActiveCfg = Release|Win32
		{CD7910CA-AF56-4D81-A2E5-D16B6A522A32}.Release|x86.Build.0 = Release|Win32
		{6364534F-68BF-464D-93EF-D5973C77CE37}.Debug|x64.ActiveCfg = Debug|x64
		{6364534F-68BF-464D-93EF-D5973C77CE37}.Debug|x64.Build.0 = Debug|x64
		{6364534F-68BF-464D-93EF-D5973C77CE37}.Debug|x86.ActiveCfg = Debug|Win32
		{6364534F-68BF-464D-93EF-D5973C77CE37}.Debug|x86.Build.0 = Debug|Win32
		{6364534F-68BF-464D-93EF-D5973C77CE37}.Release|x64.ActiveCfg = Release|x64
		{6364534F-68BF-464D-93EF-D5973C77CE37}.Release|x64.Build.0 = Release|x64
		{6364534F-68BF-464D-93EF-D5973C77CE37}.Release|x86.ActiveCfg = Release|Win32
		{6364534F-68BF-464D-93EF-D5973C77CE37}.Release|x86.Build.0 = Release|Win32
		{16523166-A22F-4E02-8937-73B7122D0205}.Debug|x64.ActiveCfg = Debug|x64
		{16523166-A22F-4E02-8937-73B7122D0205}.Debug|x64.Build.0 = Debug|x64
		{16523166-A22F-4E02-8937-73B7122D0205}.Debug|x86.ActiveCfg = Debug|Win32
		{16523166-A22F-4E02-8937-73B7122D0205}.Debug|x86.Build.0 = Debug|Win32
		{16523166-A22F-4E02-8937-73B7122D0205}.Release|x64.ActiveCfg = Release|x64
		{16523166-A22F-4E02-8937-73B7122D0205}.Release|x64.Build.0 = Release|x64
		{16523166-A22F-4E02-8937-73B7122D0205}.Release|x86.ActiveCfg = Release|Win32
		{16523166-A22F-4E02-8937-73B7122D0205}.Release|x86.Build.0 = Release|Win32
		{763AA859-B4DD-4FD1-A729-50D92F3DCEE9}.Debug|x64.ActiveCfg = Debug|x64
		{763AA859-B4DD-4FD1-A729-50D92F3DCEE9}.Debug|x64.Build.0 = Debug|x64
		{763AA859-B4DD-4FD1-A729-50D92F3DCEE9}.Debug|x86.ActiveCfg = Debug|Win32
		{763AA859-B4DD-4FD1-A729-50D92F3DCEE9}.Debug|x86.Build.0 = Debug|Win32
		{763AA859-B4DD-4FD1-A729-50D92F3DCEE9}.Release|x64.ActiveCfg = Release|x64
		{763AA859-B4DD-4FD1-A729-50D92F3DCEE9}.Release|x64.Build.0 = Release|x64
		{763AA859-B4DD-4FD1-A729-50D92F3DCEE9}.Release|x86.ActiveCfg = Release|Win32
		{763AA859-B4DD-4FD1-A729-50D92F3DCEE9}.Release|x86.Build.0 = Release|Win32
		{79FF4746-9F04-48E7-8201-A028A53F767D}.Debug|x64.ActiveCfg = Debug|x64
		{79FF4746-9F04-48E7-8201-A028A53F767D}.Debug|x64.Build.0 = Debug|x64
		{79FF4746-9F04-48E7-8201-A028A53F767D}.Debug|x86.ActiveCfg = Debug|Win32
		{79FF4746-9F04-48E7-8201-A028A53F767D}.Debug|x86.Build.0 = Debug|Win32
		{79FF4746-9F04-48E7-8201-A028A53F767D}.Release|x64.ActiveCfg = Release|x64
		{79FF4746-9F04-48E7-8201-A028A53F767D}.Release|x64.Build.0 = Release|x64
		{79FF4746-9F04-48E7-8201-A028A53F767D}.Release|x86.ActiveCfg = Release|Win32
		{79FF4746-9F04-48E7-8201-A028A53F767D}.Release|x86.Build.0 = Release|Win32
		{58AB8BD1-671C-45F9-A3B0-6C1DC8459EF7}.Debug|x64.ActiveCfg = Debug|x64
		{58AB8BD1-671C-45F9-A3B0-6C1DC8459EF7}.Debug|x64.Build.0 = Debug|x64
		{58AB8BD1-671C-45F9-A3B0-6C1DC8459EF7}.Debug|x86.ActiveCfg = Debug|Win32
		{58AB8BD1-671C-45F9-A3B0-6C1DC8459EF7}.Debug|x86.Build.0 = Debug|Win32
		{58AB8BD1-671C-45F9-A3B0-6C1DC8459EF7}.Release|x64.ActiveCfg = Release|x64
		{58AB8BD1-671C-45F9-A3B0-6C1DC8459EF7}.Release|x64.Build.0 = Release|x64
		{58AB8BD1-671C-45F9-A3B0-6C1DC8459EF7}.Release|x86.ActiveCfg = Release|Win32
		{58AB8BD1-671C-45F9-A3B0-6C1DC8459EF7}.Release|x86.Build.0 = Release|Win32
		{9CF64425-1739-450C-B385-3009EC80A96B}.Debug|x64.ActiveCfg = Debug|x64
		{9CF64425-1739-450C-B385-3009EC80A96B}.Debug|x64.Build.0 = Debug|x64
		{9CF64425-1739-450C-B385-3009EC80A96B}.Debug|x86.ActiveCfg = Debug|Win32
		{9CF64425-1739-450C-B385-3009EC80A96B}.Debug|x86.Build.0 = Debug|Win32
		{9CF64425-1739-450C-B385-3009EC80A96B}.Release|x64.ActiveCfg = Release|x64
		{9CF64425-1739-450C-B385-3009EC80A96B}.Release|x64.Build.0 = Release|x64
		{9CF64425-1739-450C-B385-3009EC80A96B}.Release|x86.ActiveCfg = Release|Win32
		{9CF64425-1739-450C-B385-3009EC80A96B}.Release|x86.Build.0 = Release|Win32
		{EA83D82C-2EFE-4111-929F-FE901EFCEE35}.Debug|x64.ActiveCfg = Debug|x64
		{EA83D82C-2EFE-4111-929F-FE901EFCEE35}.Debug|x64.Build.0 = Debug|x64
		{EA83D82C-2EFE-4111-929F-FE901EFCEE35}.Debug|x86.ActiveCfg = Debug|Win32
		{EA83D82C-2EFE-4111-929F-FE901EFCEE35}.Debug|x86.Build.0 = Debug|Win32
		{EA83D82C-2EFE-4111-929F-FE901EFCEE35}.Release|x64.ActiveCfg = Release|x64
		{EA83D82C-2EFE-4111-929F-FE901EFCEE35}.Release|x64.Build.0 = Release|x64
		{EA83D82C-2EFE-4111-929F-FE901EFCEE35}.Release|x86.ActiveCfg = Release|Win32
		{EA83D82C-2EFE-4111-929F-FE901EFCEE35}.Release|x86.Build.0 = Release|Win32
		{FDB791CD-519F-4024-9102-1172007D953F}.Debug|x64.ActiveCfg = Debug|x64
		{FDB791CD-519F-4024-9102-1172007D953F}.Debug|x64.Build.0 = Debug|x64
		{FDB791CD-519F-4024-9102-1172007D953F}.Debug|x86.ActiveCfg = Debug|Win32
		{FDB791CD-519F-4024-9102-1172007D953F}.Debug|x86.Build.0 = Debug|Win32
		{FDB791CD-519F-4024-9102-1172007D953F}.Release|x64.ActiveCfg = Release|x64
		{FDB791CD-519F-4024-9102-1172007D953F}.Release|x64.Build.0 = Release|x64
		{FDB791CD-519F-4024-9102-1172007D953F}.Release|x86.ActiveCfg = Release|Win32
		{FDB791CD-519F-4024-9102-1172007D953F}.Release|x86.Build.0 = Release|Win32
		{844FA676-D86E-454D-B884-E935637C7FB2}.Debug|x64.ActiveCfg = Debug|x64
		{844FA676-D86E-454D-B884-E935637C7FB2}.Debug|x64.Build.0 = Debug|x64
		{844FA676-D86E-454D-B884-E935637C7FB2}.Debug|x86.ActiveCfg = Debug|Win32
		{844FA676-D86E-454D-B884-E935637C7FB2}.Debug|x86.Build.0 = Debug|Win32
		{844FA676-D86E-454D-B884-E935637C7FB2}.Release|x64.ActiveCfg = Release|x64
		{844FA676-D86E-454D-B884-E935637C7FB2}.Release|x64.Build.0 = Release|x64
		{844FA676-D86E-454D-B884-E935637C7FB2}.Release|x86.ActiveCfg = Release|Win32
		{844FA676-D86E-454D-B884-E935637C7FB2}.Release|x86.Build.0 = Release|Win32
		{353568EA-4BEC-4AC6-B66A-6DD91D94B924}.Debug|x64.ActiveCfg = Debug|x64
		{353568EA-4BEC-4AC6-B66A-6DD91D94B924}.Debug|x64.Build.0 = Debug|x64
		{353568EA-4BEC-4AC6-B66A-6DD91D94B924}.Debug|x86.ActiveCfg = Debug|Win32
		{353568EA-4BEC-4AC6-B66A-6DD91D94B924}.Debug|x86.Build.0 = Debug|Win32
		{353568EA-4BEC-4AC6-B66A-6DD91D94B924}.Release|x64.ActiveCfg = Release|x64
		{353568EA-4BEC-4AC6-B66A-6DD91D94B924}.Release|x64.Build.0 = Release|x64
		{353568EA-4BEC-4AC6-B66A-6DD91D94B924}.Release|x86.ActiveCfg = Release|Win32
		{353568EA-4BEC-4AC6-B66A-6DD91D94B924}.Release|x86.Build.0 = Release|Win32
		{15A7F7EA-384D-47FA-9A14-2EA29ECEB437}.Debug|x64.ActiveCfg = Debug|x64
		{15A7F7EA-384D-47FA-9A14-2EA29ECEB437}.Debug|x64.Build.0 = Debug|x64
		{15A7F7EA-384D-47FA-9A14-2EA29ECEB437}.Debug|x86.ActiveCfg = Debug|Win32
		{15A7F7EA-384D-47FA-9A14-2EA29ECEB437}.Debug|x86.Build.0 = Debug|Win32
		{15A7F7EA-384D-47FA-9A14-2EA29ECEB437}.Release|x64.ActiveCfg = Release|x64
		{15A7F7EA-384D-47FA-9A14-2EA29ECEB437}.Release|x64.Build.0 = Release|x64
		{15A7F7EA-384D-47FA-9A14-2EA29ECEB437}.Release|x86.ActiveCfg = Release|Win32
		{15A7F7EA-384D-47FA-9A14-2EA29ECEB437}.Release|x86.Build.0 = Release|Win32
		{145E6B14-86A1-43BD-AC22-10BFCF4CC196}.Debug|x64.ActiveCfg = Debug|x64
		{145E6B14-86A1-43BD-AC22-10BFCF4CC196}.Debug|x64.Build.0 = Debug|x64
		{145E6B14-86A1-43BD-AC22-10BFCF4CC196}.Debug|x86.ActiveCfg = Debug|Win32
		{145E6B14-86A1-43BD-AC22-10BFCF4CC196}.Debug|x86.Build.0 = Debug|Win32
		{145E6B14-86A1-43BD-AC22-10BFCF4CC196}.Release|x64.ActiveCfg = Release|x64
		{145E6B14-86A1-43BD-AC22-10BFCF4CC196}.Release|x64.Build.0 = Release|x64
		{145E6B14-86A1-43BD-AC22-10BFCF4CC196}.Release|x86.ActiveCfg = Release|Win32
		{145E6B14-86A1-43BD-AC22-10BFCF4CC196}.Release|x86.Build.0 = Release|Win32
		{0EC0B282-E0F0-4CFA-B180-363BBF6FC455}.Debug|x64.ActiveCfg = Debug|x64
		{0EC0B282-E0F0-4CFA-B180-363BBF6FC455}.Debug|x64.Build.0 = Debug|x64
		{0EC0B282-E0F0-4CFA-B180-363BBF6FC455}.Debug|x86.ActiveCfg = Debug|Win32
		{0EC0B282-E0F0-4CFA-B180-363BBF6FC455}.Debug|x86.Build.0 = Debug|Win32
		{0EC0B282-E0F0-4CFA-B180-363BBF6FC455}.Release|x64.ActiveCfg = Release|x64
		{0EC0B282-E0F0-4CFA-B180-363BBF6FC455}.Release|x64.Build.0 = Release|x64
		{0EC0B282-E0F0-4CFA-B180-363BBF6FC455}.Release|x86.ActiveCfg = Release|Win32
		{0EC0B282-E0F0-4CFA-B180-363BBF6FC455}.Release|x86.Build.0 = Release|Win32
	EndGlobalSection
	GlobalSection(SolutionProperties) = preSolution
		HideSolutionNode = FALSE
	EndGlobalSection
	GlobalSection(ExtensibilityGlobals) = postSolution
		SolutionGuid = {834C018D-A0E4-4002-8341-765D4466A7AE}
	EndGlobalSection
EndGlobal
