
Microsoft Visual Studio Solution File, Format Version 12.00
# Visual Studio 15
VisualStudioVersion = 15.0.28010.2046
MinimumVisualStudioVersion = 10.0.40219.1
Project("{8BC9CEB8-8B4A-11D0-8D11-00A0C91BC942}") = "20181023", "20181023\20181023.vcxproj", "{7C7AEB00-6466-487F-9F42-053966EB2F90}"
EndProject
Project("{8BC9CEB8-8B4A-11D0-8D11-00A0C91BC942}") = "20181030", "20181030\20181030.vcxproj", "{CBF83F10-927C-48E9-963E-D0768B295961}"
EndProject
Project("{8BC9CEB8-8B4A-11D0-8D11-00A0C91BC942}") = "hw3-1", "hw3-1\hw3-1.vcxproj", "{75A46183-4C81-418F-9C0D-0EC794C16B89}"
EndProject
Project("{8BC9CEB8-8B4A-11D0-8D11-00A0C91BC942}") = "3-2", "3-2\3-2.vcxproj", "{05EFBB32-3027-45B3-86A1-1CFB15847397}"
EndProject
Global
	GlobalSection(SolutionConfigurationPlatforms) = preSolution
		Debug|x64 = Debug|x64
		Debug|x86 = Debug|x86
		Release|x64 = Release|x64
		Release|x86 = Release|x86
	EndGlobalSection
	GlobalSection(ProjectConfigurationPlatforms) = postSolution
		{7C7AEB00-6466-487F-9F42-053966EB2F90}.Debug|x64.ActiveCfg = Debug|x64
		{7C7AEB00-6466-487F-9F42-053966EB2F90}.Debug|x64.Build.0 = Debug|x64
		{7C7AEB00-6466-487F-9F42-053966EB2F90}.Debug|x86.ActiveCfg = Debug|Win32
		{7C7AEB00-6466-487F-9F42-053966EB2F90}.Debug|x86.Build.0 = Debug|Win32
		{7C7AEB00-6466-487F-9F42-053966EB2F90}.Release|x64.ActiveCfg = Release|x64
		{7C7AEB00-6466-487F-9F42-053966EB2F90}.Release|x64.Build.0 = Release|x64
		{7C7AEB00-6466-487F-9F42-053966EB2F90}.Release|x86.ActiveCfg = Release|Win32
		{7C7AEB00-6466-487F-9F42-053966EB2F90}.Release|x86.Build.0 = Release|Win32
		{CBF83F10-927C-48E9-963E-D0768B295961}.Debug|x64.ActiveCfg = Debug|x64
		{CBF83F10-927C-48E9-963E-D0768B295961}.Debug|x64.Build.0 = Debug|x64
		{CBF83F10-927C-48E9-963E-D0768B295961}.Debug|x86.ActiveCfg = Debug|Win32
		{CBF83F10-927C-48E9-963E-D0768B295961}.Debug|x86.Build.0 = Debug|Win32
		{CBF83F10-927C-48E9-963E-D0768B295961}.Release|x64.ActiveCfg = Release|x64
		{CBF83F10-927C-48E9-963E-D0768B295961}.Release|x64.Build.0 = Release|x64
		{CBF83F10-927C-48E9-963E-D0768B295961}.Release|x86.ActiveCfg = Release|Win32
		{CBF83F10-927C-48E9-963E-D0768B295961}.Release|x86.Build.0 = Release|Win32
		{75A46183-4C81-418F-9C0D-0EC794C16B89}.Debug|x64.ActiveCfg = Debug|x64
		{75A46183-4C81-418F-9C0D-0EC794C16B89}.Debug|x64.Build.0 = Debug|x64
		{75A46183-4C81-418F-9C0D-0EC794C16B89}.Debug|x86.ActiveCfg = Debug|Win32
		{75A46183-4C81-418F-9C0D-0EC794C16B89}.Debug|x86.Build.0 = Debug|Win32
		{75A46183-4C81-418F-9C0D-0EC794C16B89}.Release|x64.ActiveCfg = Release|x64
		{75A46183-4C81-418F-9C0D-0EC794C16B89}.Release|x64.Build.0 = Release|x64
		{75A46183-4C81-418F-9C0D-0EC794C16B89}.Release|x86.ActiveCfg = Release|Win32
		{75A46183-4C81-418F-9C0D-0EC794C16B89}.Release|x86.Build.0 = Release|Win32
		{05EFBB32-3027-45B3-86A1-1CFB15847397}.Debug|x64.ActiveCfg = Debug|x64
		{05EFBB32-3027-45B3-86A1-1CFB15847397}.Debug|x64.Build.0 = Debug|x64
		{05EFBB32-3027-45B3-86A1-1CFB15847397}.Debug|x86.ActiveCfg = Debug|Win32
		{05EFBB32-3027-45B3-86A1-1CFB15847397}.Debug|x86.Build.0 = Debug|Win32
		{05EFBB32-3027-45B3-86A1-1CFB15847397}.Release|x64.ActiveCfg = Release|x64
		{05EFBB32-3027-45B3-86A1-1CFB15847397}.Release|x64.Build.0 = Release|x64
		{05EFBB32-3027-45B3-86A1-1CFB15847397}.Release|x86.ActiveCfg = Release|Win32
		{05EFBB32-3027-45B3-86A1-1CFB15847397}.Release|x86.Build.0 = Release|Win32
	EndGlobalSection
	GlobalSection(SolutionProperties) = preSolution
		HideSolutionNode = FALSE
	EndGlobalSection
	GlobalSection(ExtensibilityGlobals) = postSolution
		SolutionGuid = {2B1E5AC3-AB28-4B98-BD73-FBE780AE06BB}
	EndGlobalSection
EndGlobal
